// !$*UTF8*$!
{
	archiveVersion = 1;
	classes = {
	};
	objectVersion = 50;
	objects = {

/* Begin PBXBuildFile section */
		18D7F7E720B6D1B9007813A0 /* AppDelegate.m in Sources */ = {isa = PBXBuildFile; fileRef = 18D7F7E620B6D1B9007813A0 /* AppDelegate.m */; };
		18D7F7EA20B6D1B9007813A0 /* ViewController.m in Sources */ = {isa = PBXBuildFile; fileRef = 18D7F7E920B6D1B9007813A0 /* ViewController.m */; };
		18D7F7ED20B6D1B9007813A0 /* Main.storyboard in Resources */ = {isa = PBXBuildFile; fileRef = 18D7F7EB20B6D1B9007813A0 /* Main.storyboard */; };
		18D7F7EF20B6D1BA007813A0 /* Assets.xcassets in Resources */ = {isa = PBXBuildFile; fileRef = 18D7F7EE20B6D1BA007813A0 /* Assets.xcassets */; };
		18D7F7F220B6D1BA007813A0 /* LaunchScreen.storyboard in Resources */ = {isa = PBXBuildFile; fileRef = 18D7F7F020B6D1BA007813A0 /* LaunchScreen.storyboard */; };
		18D7F7F520B6D1BA007813A0 /* main.m in Sources */ = {isa = PBXBuildFile; fileRef = 18D7F7F420B6D1BA007813A0 /* main.m */; };
		18D7F7FD20B6D200007813A0 /* CoordinateInsidePolygonFile.m in Sources */ = {isa = PBXBuildFile; fileRef = 18D7F7FC20B6D200007813A0 /* CoordinateInsidePolygonFile.m */; };
/* End PBXBuildFile section */

/* Begin PBXFileReference section */
		18D7F7E220B6D1B9007813A0 /* CoordinateInsidePolygon.app */ = {isa = PBXFileReference; explicitFileType = wrapper.application; includeInIndex = 0; path = CoordinateInsidePolygon.app; sourceTree = BUILT_PRODUCTS_DIR; };
		18D7F7E520B6D1B9007813A0 /* AppDelegate.h */ = {isa = PBXFileReference; lastKnownFileType = sourcecode.c.h; path = AppDelegate.h; sourceTree = "<group>"; };
		18D7F7E620B6D1B9007813A0 /* AppDelegate.m */ = {isa = PBXFileReference; lastKnownFileType = sourcecode.c.objc; path = AppDelegate.m; sourceTree = "<group>"; };
		18D7F7E820B6D1B9007813A0 /* ViewController.h */ = {isa = PBXFileReference; lastKnownFileType = sourcecode.c.h; path = ViewController.h; sourceTree = "<group>"; };
		18D7F7E920B6D1B9007813A0 /* ViewController.m */ = {isa = PBXFileReference; lastKnownFileType = sourcecode.c.objc; path = ViewController.m; sourceTree = "<group>"; };
		18D7F7EC20B6D1B9007813A0 /* Base */ = {isa = PBXFileReference; lastKnownFileType = file.storyboard; name = Base; path = Base.lproj/Main.storyboard; sourceTree = "<group>"; };
		18D7F7EE20B6D1BA007813A0 /* Assets.xcassets */ = {isa = PBXFileReference; lastKnownFileType = folder.assetcatalog; path = Assets.xcassets; sourceTree = "<group>"; };
		18D7F7F120B6D1BA007813A0 /* Base */ = {isa = PBXFileReference; lastKnownFileType = file.storyboard; name = Base; path = Base.lproj/LaunchScreen.storyboard; sourceTree = "<group>"; };
		18D7F7F320B6D1BA007813A0 /* Info.plist */ = {isa = PBXFileReference; lastKnownFileType = text.plist.xml; path = Info.plist; sourceTree = "<group>"; };
		18D7F7F420B6D1BA007813A0 /* main.m */ = {isa = PBXFileReference; lastKnownFileType = sourcecode.c.objc; path = main.m; sourceTree = "<group>"; };
		18D7F7FB20B6D200007813A0 /* CoordinateInsidePolygonFile.h */ = {isa = PBXFileReference; lastKnownFileType = sourcecode.c.h; path = CoordinateInsidePolygonFile.h; sourceTree = "<group>"; };
		18D7F7FC20B6D200007813A0 /* CoordinateInsidePolygonFile.m */ = {isa = PBXFileReference; lastKnownFileType = sourcecode.c.objc; path = CoordinateInsidePolygonFile.m; sourceTree = "<group>"; };
/* End PBXFileReference section */

/* Begin PBXFrameworksBuildPhase section */
		18D7F7DF20B6D1B9007813A0 /* Frameworks */ = {
			isa = PBXFrameworksBuildPhase;
			buildActionMask = 2147483647;
			files = (
			);
			runOnlyForDeploymentPostprocessing = 0;
		};
/* End PBXFrameworksBuildPhase section */

/* Begin PBXGroup section */
		18D7F7D920B6D1B9007813A0 = {
			isa = PBXGroup;
			children = (
				18D7F7E420B6D1B9007813A0 /* CoordinateInsidePolygon */,
				18D7F7E320B6D1B9007813A0 /* Products */,
			);
			sourceTree = "<group>";
		};
		18D7F7E320B6D1B9007813A0 /* Products */ = {
			isa = PBXGroup;
			children = (
				18D7F7E220B6D1B9007813A0 /* CoordinateInsidePolygon.app */,
			);
			name = Products;
			sourceTree = "<group>";
		};
		18D7F7E420B6D1B9007813A0 /* CoordinateInsidePolygon */ = {
			isa = PBXGroup;
			children = (
				18D7F7E520B6D1B9007813A0 /* AppDelegate.h */,
				18D7F7E620B6D1B9007813A0 /* AppDelegate.m */,
				18D7F7E820B6D1B9007813A0 /* ViewController.h */,
				18D7F7E920B6D1B9007813A0 /* ViewController.m */,
				18D7F7EB20B6D1B9007813A0 /* Main.storyboard */,
				18D7F7EE20B6D1BA007813A0 /* Assets.xcassets */,
				18D7F7F020B6D1BA007813A0 /* LaunchScreen.storyboard */,
				18D7F7F320B6D1BA007813A0 /* Info.plist */,
				18D7F7F420B6D1BA007813A0 /* main.m */,
				18D7F7FB20B6D200007813A0 /* CoordinateInsidePolygonFile.h */,
				18D7F7FC20B6D200007813A0 /* CoordinateInsidePolygonFile.m */,
			);
			path = CoordinateInsidePolygon;
			sourceTree = "<group>";
		};
/* End PBXGroup section */

/* Begin PBXNativeTarget section */
		18D7F7E120B6D1B9007813A0 /* CoordinateInsidePolygon */ = {
			isa = PBXNativeTarget;
			buildConfigurationList = 18D7F7F820B6D1BA007813A0 /* Build configuration list for PBXNativeTarget "CoordinateInsidePolygon" */;
			buildPhases = (
				18D7F7DE20B6D1B9007813A0 /* Sources */,
				18D7F7DF20B6D1B9007813A0 /* Frameworks */,
				18D7F7E020B6D1B9007813A0 /* Resources */,
			);
			buildRules = (
			);
			dependencies = (
			);
			name = CoordinateInsidePolygon;
			productName = CoordinateInsidePolygon;
			productReference = 18D7F7E220B6D1B9007813A0 /* CoordinateInsidePolygon.app */;
			productType = "com.apple.product-type.application";
		};
/* End PBXNativeTarget section */

/* Begin PBXProject section */
		18D7F7DA20B6D1B9007813A0 /* Project object */ = {
			isa = PBXProject;
			attributes = {
				LastUpgradeCheck = 0930;
				ORGANIZATIONNAME = Apple;
				TargetAttributes = {
					18D7F7E120B6D1B9007813A0 = {
						CreatedOnToolsVersion = 9.3;
					};
				};
			};
			buildConfigurationList = 18D7F7DD20B6D1B9007813A0 /* Build configuration list for PBXProject "CoordinateInsidePolygon" */;
			compatibilityVersion = "Xcode 9.3";
			developmentRegion = en;
			hasScannedForEncodings = 0;
			knownRegions = (
				en,
				Base,
			);
			mainGroup = 18D7F7D920B6D1B9007813A0;
			productRefGroup = 18D7F7E320B6D1B9007813A0 /* Products */;
			projectDirPath = "";
			projectRoot = "";
			targets = (
				18D7F7E120B6D1B9007813A0 /* CoordinateInsidePolygon */,
			);
		};
/* End PBXProject section */

/* Begin PBXResourcesBuildPhase section */
		18D7F7E020B6D1B9007813A0 /* Resources */ = {
			isa = PBXResourcesBuildPhase;
			buildActionMask = 2147483647;
			files = (
				18D7F7F220B6D1BA007813A0 /* LaunchScreen.storyboard in Resources */,
				18D7F7EF20B6D1BA007813A0 /* Assets.xcassets in Resources */,
				18D7F7ED20B6D1B9007813A0 /* Main.storyboard in Resources */,
			);
			runOnlyForDeploymentPostprocessing = 0;
		};
/* End PBXResourcesBuildPhase section */

/* Begin PBXSourcesBuildPhase section */
		18D7F7DE20B6D1B9007813A0 /* Sources */ = {
			isa = PBXSourcesBuildPhase;
			buildActionMask = 2147483647;
			files = (
				18D7F7FD20B6D200007813A0 /* CoordinateInsidePolygonFile.m in Sources */,
				18D7F7EA20B6D1B9007813A0 /* ViewController.m in Sources */,
				18D7F7F520B6D1BA007813A0 /* main.m in Sources */,
				18D7F7E720B6D1B9007813A0 /* AppDelegate.m in Sources */,
			);
			runOnlyForDeploymentPostprocessing = 0;
		};
/* End PBXSourcesBuildPhase section */

/* Begin PBXVariantGroup section */
		18D7F7EB20B6D1B9007813A0 /* Main.storyboard */ = {
			isa = PBXVariantGroup;
			children = (
				18D7F7EC20B6D1B9007813A0 /* Base */,
			);
			name = Main.storyboard;
			sourceTree = "<group>";
		};
		18D7F7F020B6D1BA007813A0 /* LaunchScreen.storyboard */ = {
			isa = PBXVariantGroup;
			children = (
				18D7F7F120B6D1BA007813A0 /* Base */,
			);
			name = LaunchScreen.storyboard;
			sourceTree = "<group>";
		};
/* End PBXVariantGroup section */

/* Begin XCBuildConfiguration section */
		18D7F7F620B6D1BA007813A0 /* Debug */ = {
			isa = XCBuildConfiguration;
			buildSettings = {
				ALWAYS_SEARCH_USER_PATHS = NO;
				CLANG_ANALYZER_NONNULL = YES;
				CLANG_ANALYZER_NUMBER_OBJECT_CONVERSION = YES_AGGRESSIVE;
				CLANG_CXX_LANGUAGE_STANDARD = "gnu++14";
				CLANG_CXX_LIBRARY = "libc++";
				CLANG_ENABLE_MODULES = YES;
				CLANG_ENABLE_OBJC_ARC = YES;
				CLANG_ENABLE_OBJC_WEAK = YES;
				CLANG_WARN_BLOCK_CAPTURE_AUTORELEASING = YES;
				CLANG_WARN_BOOL_CONVERSION = YES;
				CLANG_WARN_COMMA = YES;
				CLANG_WARN_CONSTANT_CONVERSION = YES;
				CLANG_WARN_DEPRECATED_OBJC_IMPLEMENTATIONS = YES;
				CLANG_WARN_DIRECT_OBJC_ISA_USAGE = YES_ERROR;
				CLANG_WARN_DOCUMENTATION_COMMENTS = YES;
				CLANG_WARN_EMPTY_BODY = YES;
				CLANG_WARN_ENUM_CONVERSION = YES;
				CLANG_WARN_INFINITE_RECURSION = YES;
				CLANG_WARN_INT_CONVERSION = YES;
				CLANG_WARN_NON_LITERAL_NULL_CONVERSION = YES;
				CLANG_WARN_OBJC_IMPLICIT_RETAIN_SELF = YES;
				CLANG_WARN_OBJC_LITERAL_CONVERSION = YES;
				CLANG_WARN_OBJC_ROOT_CLASS = YES_ERROR;
				CLANG_WARN_RANGE_LOOP_ANALYSIS = YES;
				CLANG_WARN_STRICT_PROTOTYPES = YES;
				CLANG_WARN_SUSPICIOUS_MOVE = YES;
				CLANG_WARN_UNGUARDED_AVAILABILITY = YES_AGGRESSIVE;
				CLANG_WARN_UNREACHABLE_CODE = YES;
				CLANG_WARN__DUPLICATE_METHOD_MATCH = YES;
				CODE_SIGN_IDENTITY = "iPhone Developer";
				COPY_PHASE_STRIP = NO;
				DEBUG_INFORMATION_FORMAT = dwarf;
				ENABLE_STRICT_OBJC_MSGSEND = YES;
				ENABLE_TESTABILITY = YES;
				GCC_C_LANGUAGE_STANDARD = gnu11;
				GCC_DYNAMIC_NO_PIC = NO;
				GCC_NO_COMMON_BLOCKS = YES;
				GCC_OPTIMIZATION_LEVEL = 0;
				GCC_PREPROCESSOR_DEFINITIONS = (
					"DEBUG=1",
					"$(inherited)",
				);
				GCC_WARN_64_TO_32_BIT_CONVERSION = YES;
				GCC_WARN_ABOUT_RETURN_TYPE = YES_ERROR;
				GCC_WARN_UNDECLARED_SELECTOR = YES;
				GCC_WARN_UNINITIALIZED_AUTOS = YES_AGGRESSIVE;
				GCC_WARN_UNUSED_FUNCTION = YES;
				GCC_WARN_UNUSED_VARIABLE = YES;
				IPHONEOS_DEPLOYMENT_TARGET = 11.3;
				MTL_ENABLE_DEBUG_INFO = YES;
				ONLY_ACTIVE_ARCH = YES;
				SDKROOT = iphoneos;
			};
			name = Debug;
		};
		18D7F7F720B6D1BA007813A0 /* Release */ = {
			isa = XCBuildConfiguration;
			buildSettings = {
				ALWAYS_SEARCH_USER_PATHS = NO;
				CLANG_ANALYZER_NONNULL = YES;
				CLANG_ANALYZER_NUMBER_OBJECT_CONVERSION = YES_AGGRESSIVE;
				CLANG_CXX_LANGUAGE_STANDARD = "gnu++14";
				CLANG_CXX_LIBRARY = "libc++";
				CLANG_ENABLE_MODULES = YES;
				CLANG_ENABLE_OBJC_ARC = YES;
				CLANG_ENABLE_OBJC_WEAK = YES;
				CLANG_WARN_BLOCK_CAPTURE_AUTORELEASING = YES;
				CLANG_WARN_BOOL_CONVERSION = YES;
				CLANG_WARN_COMMA = YES;
				CLANG_WARN_CONSTANT_CONVERSION = YES;
				CLANG_WARN_DEPRECATED_OBJC_IMPLEMENTATIONS = YES;
				CLANG_WARN_DIRECT_OBJC_ISA_USAGE = YES_ERROR;
				CLANG_WARN_DOCUMENTATION_COMMENTS = YES;
				CLANG_WARN_EMPTY_BODY = YES;
				CLANG_WARN_ENUM_CONVERSION = YES;
				CLANG_WARN_INFINITE_RECURSION = YES;
				CLANG_WARN_INT_CONVERSION = YES;
				CLANG_WARN_NON_LITERAL_NULL_CONVERSION = YES;
				CLANG_WARN_OBJC_IMPLICIT_RETAIN_SELF = YES;
				CLANG_WARN_OBJC_LITERAL_CONVERSION = YES;
				CLANG_WARN_OBJC_ROOT_CLASS = YES_ERROR;
				CLANG_WARN_RANGE_LOOP_ANALYSIS = YES;
				CLANG_WARN_STRICT_PROTOTYPES = YES;
				CLANG_WARN_SUSPICIOUS_MOVE = YES;
				CLANG_WARN_UNGUARDED_AVAILABILITY = YES_AGGRESSIVE;
				CLANG_WARN_UNREACHABLE_CODE = YES;
				CLANG_WARN__DUPLICATE_METHOD_MATCH = YES;
				CODE_SIGN_IDENTITY = "iPhone Developer";
				COPY_PHASE_STRIP = NO;
				DEBUG_INFORMATION_FORMAT = "dwarf-with-dsym";
				ENABLE_NS_ASSERTIONS = NO;
				ENABLE_STRICT_OBJC_MSGSEND = YES;
				GCC_C_LANGUAGE_STANDARD = gnu11;
				GCC_NO_COMMON_BLOCKS = YES;
				GCC_WARN_64_TO_32_BIT_CONVERSION = YES;
				GCC_WARN_ABOUT_RETURN_TYPE = YES_ERROR;
				GCC_WARN_UNDECLARED_SELECTOR = YES;
				GCC_WARN_UNINITIALIZED_AUTOS = YES_AGGRESSIVE;
				GCC_WARN_UNUSED_FUNCTION = YES;
				GCC_WARN_UNUSED_VARIABLE = YES;
				IPHONEOS_DEPLOYMENT_TARGET = 11.3;
				MTL_ENABLE_DEBUG_INFO = NO;
				SDKROOT = iphoneos;
				VALIDATE_PRODUCT = YES;
			};
			name = Release;
		};
		18D7F7F920B6D1BA007813A0 /* Debug */ = {
			isa = XCBuildConfiguration;
			buildSettings = {
				ASSETCATALOG_COMPILER_APPICON_NAME = AppIcon;
				CODE_SIGN_STYLE = Automatic;
				DEVELOPMENT_TEAM = 56B2H2GEY9;
				GCC_PREFIX_HEADER = "";
				INFOPLIST_FILE = CoordinateInsidePolygon/Info.plist;
				LD_RUNPATH_SEARCH_PATHS = (
					"$(inherited)",
					"@executable_path/Frameworks",
				);
				PRODUCT_BUNDLE_IDENTIFIER = simeryn.CoordinateInsidePolygon;
				PRODUCT_NAME = "$(TARGET_NAME)";
				TARGETED_DEVICE_FAMILY = "1,2";
			};
			name = Debug;
		};
		18D7F7FA20B6D1BA007813A0 /* Release */ = {
			isa = XCBuildConfiguration;
			buildSettings = {
				ASSETCATALOG_COMPILER_APPICON_NAME = AppIcon;
				CODE_SIGN_STYLE = Automatic;
				DEVELOPMENT_TEAM = 56B2H2GEY9;
				GCC_PREFIX_HEADER = "";
				INFOPLIST_FILE = CoordinateInsidePolygon/Info.plist;
				LD_RUNPATH_SEARCH_PATHS = (
					"$(inherited)",
					"@executable_path/Frameworks",
				);
				PRODUCT_BUNDLE_IDENTIFIER = simeryn.CoordinateInsidePolygon;
				PRODUCT_NAME = "$(TARGET_NAME)";
				TARGETED_DEVICE_FAMILY = "1,2";
			};
			name = Release;
		};
/* End XCBuildConfiguration section */

/* Begin XCConfigurationList section */
		18D7F7DD20B6D1B9007813A0 /* Build configuration list for PBXProject "CoordinateInsidePolygon" */ = {
			isa = XCConfigurationList;
			buildConfigurations = (
				18D7F7F620B6D1BA007813A0 /* Debug */,
				18D7F7F720B6D1BA007813A0 /* Release */,
			);
			defaultConfigurationIsVisible = 0;
			defaultConfigurationName = Release;
		};
		18D7F7F820B6D1BA007813A0 /* Build configuration list for PBXNativeTarget "CoordinateInsidePolygon" */ = {
			isa = XCConfigurationList;
			buildConfigurations = (
				18D7F7F920B6D1BA007813A0 /* Debug */,
				18D7F7FA20B6D1BA007813A0 /* Release */,
			);
			defaultConfigurationIsVisible = 0;
			defaultConfigurationName = Release;
		};
/* End XCConfigurationList section */
	};
	rootObject = 18D7F7DA20B6D1B9007813A0 /* Project object */;
}
